
Microsoft Visual Studio Solution File, Format Version 12.00
# Visual Studio Version 17
VisualStudioVersion = 17.3.32929.385
MinimumVisualStudioVersion = 10.0.40219.1
Project("{888888A0-9F3D-457C-B088-3A5042F75D52}") = "password checker", "password checker\password checker.pyproj", "{67D1781A-56FE-4EC6-884C-1C35D7D9B414}"
EndProject
Global
	GlobalSection(SolutionConfigurationPlatforms) = preSolution
		Debug|Any CPU = Debug|Any CPU
		Release|Any CPU = Release|Any CPU
	EndGlobalSection
	GlobalSection(ProjectConfigurationPlatforms) = postSolution
		{67D1781A-56FE-4EC6-884C-1C35D7D9B414}.Debug|Any CPU.ActiveCfg = Debug|Any CPU
		{67D1781A-56FE-4EC6-884C-1C35D7D9B414}.Release|Any CPU.ActiveCfg = Release|Any CPU
	EndGlobalSection
	GlobalSection(SolutionProperties) = preSolution
		HideSolutionNode = FALSE
	EndGlobalSection
	GlobalSection(ExtensibilityGlobals) = postSolution
		SolutionGuid = {1AB7EFBA-028D-426E-A36C-889059C3FA39}
	EndGlobalSection
EndGlobal
